{
  "version": 1,
  "dependencies": {
    "net10.0": {
      "DocumentFormat.OpenXml": {
        "type": "Direct",
        "requested": "[3.5.1, )",
        "resolved": "3.5.1",
        "contentHash": "zxdOf5VVCe/uNklbRhj8dVBzQGj3DoqkUuqOp9cAZVuN8mNYDjof1lvSQA2OQNr8Ptc9d7pbA7Azq/ReaI3FpA==",
        "dependencies": {
          "DocumentFormat.OpenXml.Framework": "3.5.1"
        }
      },
      "Microsoft.ICU.ICU4C.Runtime": {
        "type": "Direct",
        "requested": "[72.1.0.3, )",
        "resolved": "72.1.0.3",
        "contentHash": "Z42uzvs0TN9Y02xgHtRgPcumLRnvK3MHVHZ0Pr3OrnvyZYhBwqDgdYBOvoELcTsayUgwqrPLb+C5Fqqk66zlUg==",
        "dependencies": {
          "Microsoft.ICU.ICU4C.Runtime.linux-arm64": "72.1.0.3",
          "Microsoft.ICU.ICU4C.Runtime.linux-x64": "72.1.0.3",
          "Microsoft.ICU.ICU4C.Runtime.win-arm64": "72.1.0.3",
          "Microsoft.ICU.ICU4C.Runtime.win-x64": "72.1.0.3",
          "Microsoft.ICU.ICU4C.Runtime.win-x86": "72.1.0.3"
        }
      },
      "DocumentFormat.OpenXml.Framework": {
        "type": "Transitive",
        "resolved": "3.5.1",
        "contentHash": "U5txtc3ORno73xQx9Lf2gWzfaSZnZwKHfLkTAslhlew9lxe5XbUiCt0dY1fHeAf8yRqszUAe5i/+xLC9R/Xfsw==",
        "dependencies": {
          "System.IO.Packaging": "10.0.2"
        }
      },
      "Microsoft.ICU.ICU4C.Runtime.linux-arm64": {
        "type": "Transitive",
        "resolved": "72.1.0.3",
        "contentHash": "u/2cPX6JBgSgTOeDjkb2A672LsL3zQo60ViYUTqHOrxuFOIx0ag6bFu2WgN4zRZ71K6L0fubnrlS1HpN+k5kyA=="
      },
      "Microsoft.ICU.ICU4C.Runtime.linux-x64": {
        "type": "Transitive",
        "resolved": "72.1.0.3",
        "contentHash": "q1iHc4EGCBYbpb+gfMZGn6L/WuBei/la52pRbxlVy4ed7FdB9UmvUXhoRzv6OsYa6E4VlTlj6EKgYvrwPkVGKQ=="
      },
      "Microsoft.ICU.ICU4C.Runtime.win-arm64": {
        "type": "Transitive",
        "resolved": "72.1.0.3",
        "contentHash": "/h8OPK1fqrI9t8hKNmpnSy7MYssGB1CtoXANsduFqf0Sc+OOtfoCIvRp2Mt9Fk80CmtU/53TldGvt1oCH7KpEA=="
      },
      "Microsoft.ICU.ICU4C.Runtime.win-x64": {
        "type": "Transitive",
        "resolved": "72.1.0.3",
        "contentHash": "7j6NsmvKuVxgoFsoy0Ty7I09V/tvrQBZN+ddfHtz/OWNRaEIy7PsAguGoyD4AcQZh/KkfT9RQlHoQJ4xVQPr6g=="
      },
      "Microsoft.ICU.ICU4C.Runtime.win-x86": {
        "type": "Transitive",
        "resolved": "72.1.0.3",
        "contentHash": "xTHoHJKtgHDsYkQ/RU3o4U36ktjQqnR+ML00HDDK2SWr+9nMekxnXvtLZ2I4cqF8s51frxqTRgx1jDVtIzCf3w=="
      },
      "System.IO.Packaging": {
        "type": "Transitive",
        "resolved": "10.0.2",
        "contentHash": "JTpM4z0wpoIHHDvlCU27HsXo+zVnpWib94HXQpzzr+jc/P9NYf4w353AK4MXyGq/grm1mbLi7eXsOsDU8sGmNg=="
      }
    }
  }
}